// !$*UTF8*$!
{
	archiveVersion = 1;
	classes = {
	};
	objectVersion = 48;
	objects = {

/* Begin PBXBuildFile section */
		8340F00422FD2F2700799C56 /* AppDelegate.swift in Sources */ = {isa = PBXBuildFile; fileRef = 8340F00322FD2F2700799C56 /* AppDelegate.swift */; };
		8340F00622FD2F2700799C56 /* ViewController.swift in Sources */ = {isa = PBXBuildFile; fileRef = 8340F00522FD2F2700799C56 /* ViewController.swift */; };
		8340F00922FD2F2700799C56 /* Main.storyboard in Resources */ = {isa = PBXBuildFile; fileRef = 8340F00722FD2F2700799C56 /* Main.storyboard */; };
		8340F00B22FD2F2700799C56 /* Assets.xcassets in Resources */ = {isa = PBXBuildFile; fileRef = 8340F00A22FD2F2700799C56 /* Assets.xcassets */; };
		8340F00E22FD2F2700799C56 /* LaunchScreen.storyboard in Resources */ = {isa = PBXBuildFile; fileRef = 8340F00C22FD2F2700799C56 /* LaunchScreen.storyboard */; };
		8340F01922FD2F2800799C56 /* Animals_Using_PolymorphismTests.swift in Sources */ = {isa = PBXBuildFile; fileRef = 8340F01822FD2F2800799C56 /* Animals_Using_PolymorphismTests.swift */; };
		8340F02422FD2F2800799C56 /* Animals_Using_PolymorphismUITests.swift in Sources */ = {isa = PBXBuildFile; fileRef = 8340F02322FD2F2800799C56 /* Animals_Using_PolymorphismUITests.swift */; };
		8340F03222FD305A00799C56 /* Cat.swift in Sources */ = {isa = PBXBuildFile; fileRef = 8340F03122FD305A00799C56 /* Cat.swift */; };
		8340F03422FD389100799C56 /* Cheetah.swift in Sources */ = {isa = PBXBuildFile; fileRef = 8340F03322FD389100799C56 /* Cheetah.swift */; };
		8340F03622FD46C100799C56 /* Tiger.swift in Sources */ = {isa = PBXBuildFile; fileRef = 8340F03522FD46C100799C56 /* Tiger.swift */; };
		8340F03822FD470700799C56 /* Lion.swift in Sources */ = {isa = PBXBuildFile; fileRef = 8340F03722FD470700799C56 /* Lion.swift */; };
		8340F03A22FD47C500799C56 /* Donkey.swift in Sources */ = {isa = PBXBuildFile; fileRef = 8340F03922FD47C500799C56 /* Donkey.swift */; };
		8340F03C22FD488B00799C56 /* Zebra.swift in Sources */ = {isa = PBXBuildFile; fileRef = 8340F03B22FD488B00799C56 /* Zebra.swift */; };
		8340F03E22FD48DE00799C56 /* Horse.swift in Sources */ = {isa = PBXBuildFile; fileRef = 8340F03D22FD48DE00799C56 /* Horse.swift */; };
		8340F04022FD4A0F00799C56 /* Dog.swift in Sources */ = {isa = PBXBuildFile; fileRef = 8340F03F22FD4A0F00799C56 /* Dog.swift */; };
		8340F04222FD4A4900799C56 /* Fox.swift in Sources */ = {isa = PBXBuildFile; fileRef = 8340F04122FD4A4900799C56 /* Fox.swift */; };
/* End PBXBuildFile section */

/* Begin PBXContainerItemProxy section */
		8340F01522FD2F2800799C56 /* PBXContainerItemProxy */ = {
			isa = PBXContainerItemProxy;
			containerPortal = 8340EFF822FD2F2700799C56 /* Project object */;
			proxyType = 1;
			remoteGlobalIDString = 8340EFFF22FD2F2700799C56;
			remoteInfo = "Animals Using Polymorphism";
		};
		8340F02022FD2F2800799C56 /* PBXContainerItemProxy */ = {
			isa = PBXContainerItemProxy;
			containerPortal = 8340EFF822FD2F2700799C56 /* Project object */;
			proxyType = 1;
			remoteGlobalIDString = 8340EFFF22FD2F2700799C56;
			remoteInfo = "Animals Using Polymorphism";
		};
/* End PBXContainerItemProxy section */

/* Begin PBXFileReference section */
		8340F00022FD2F2700799C56 /* Animals Using Polymorphism.app */ = {isa = PBXFileReference; explicitFileType = wrapper.application; includeInIndex = 0; path = "Animals Using Polymorphism.app"; sourceTree = BUILT_PRODUCTS_DIR; };
		8340F00322FD2F2700799C56 /* AppDelegate.swift */ = {isa = PBXFileReference; lastKnownFileType = sourcecode.swift; path = AppDelegate.swift; sourceTree = "<group>"; };
		8340F00522FD2F2700799C56 /* ViewController.swift */ = {isa = PBXFileReference; lastKnownFileType = sourcecode.swift; path = ViewController.swift; sourceTree = "<group>"; };
		8340F00822FD2F2700799C56 /* Base */ = {isa = PBXFileReference; lastKnownFileType = file.storyboard; name = Base; path = Base.lproj/Main.storyboard; sourceTree = "<group>"; };
		8340F00A22FD2F2700799C56 /* Assets.xcassets */ = {isa = PBXFileReference; lastKnownFileType = folder.assetcatalog; path = Assets.xcassets; sourceTree = "<group>"; };
		8340F00D22FD2F2700799C56 /* Base */ = {isa = PBXFileReference; lastKnownFileType = file.storyboard; name = Base; path = Base.lproj/LaunchScreen.storyboard; sourceTree = "<group>"; };
		8340F00F22FD2F2700799C56 /* Info.plist */ = {isa = PBXFileReference; lastKnownFileType = text.plist.xml; path = Info.plist; sourceTree = "<group>"; };
		8340F01422FD2F2800799C56 /* Animals Using PolymorphismTests.xctest */ = {isa = PBXFileReference; explicitFileType = wrapper.cfbundle; includeInIndex = 0; path = "Animals Using PolymorphismTests.xctest"; sourceTree = BUILT_PRODUCTS_DIR; };
		8340F01822FD2F2800799C56 /* Animals_Using_PolymorphismTests.swift */ = {isa = PBXFileReference; lastKnownFileType = sourcecode.swift; path = Animals_Using_PolymorphismTests.swift; sourceTree = "<group>"; };
		8340F01A22FD2F2800799C56 /* Info.plist */ = {isa = PBXFileReference; lastKnownFileType = text.plist.xml; path = Info.plist; sourceTree = "<group>"; };
		8340F01F22FD2F2800799C56 /* Animals Using PolymorphismUITests.xctest */ = {isa = PBXFileReference; explicitFileType = wrapper.cfbundle; includeInIndex = 0; path = "Animals Using PolymorphismUITests.xctest"; sourceTree = BUILT_PRODUCTS_DIR; };
		8340F02322FD2F2800799C56 /* Animals_Using_PolymorphismUITests.swift */ = {isa = PBXFileReference; lastKnownFileType = sourcecode.swift; path = Animals_Using_PolymorphismUITests.swift; sourceTree = "<group>"; };
		8340F02522FD2F2800799C56 /* Info.plist */ = {isa = PBXFileReference; lastKnownFileType = text.plist.xml; path = Info.plist; sourceTree = "<group>"; };
		8340F03122FD305A00799C56 /* Cat.swift */ = {isa = PBXFileReference; lastKnownFileType = sourcecode.swift; path = Cat.swift; sourceTree = "<group>"; };
		8340F03322FD389100799C56 /* Cheetah.swift */ = {isa = PBXFileReference; lastKnownFileType = sourcecode.swift; path = Cheetah.swift; sourceTree = "<group>"; };
		8340F03522FD46C100799C56 /* Tiger.swift */ = {isa = PBXFileReference; lastKnownFileType = sourcecode.swift; path = Tiger.swift; sourceTree = "<group>"; };
		8340F03722FD470700799C56 /* Lion.swift */ = {isa = PBXFileReference; lastKnownFileType = sourcecode.swift; path = Lion.swift; sourceTree = "<group>"; };
		8340F03922FD47C500799C56 /* Donkey.swift */ = {isa = PBXFileReference; lastKnownFileType = sourcecode.swift; path = Donkey.swift; sourceTree = "<group>"; };
		8340F03B22FD488B00799C56 /* Zebra.swift */ = {isa = PBXFileReference; lastKnownFileType = sourcecode.swift; path = Zebra.swift; sourceTree = "<group>"; };
		8340F03D22FD48DE00799C56 /* Horse.swift */ = {isa = PBXFileReference; lastKnownFileType = sourcecode.swift; path = Horse.swift; sourceTree = "<group>"; };
		8340F03F22FD4A0F00799C56 /* Dog.swift */ = {isa = PBXFileReference; lastKnownFileType = sourcecode.swift; path = Dog.swift; sourceTree = "<group>"; };
		8340F04122FD4A4900799C56 /* Fox.swift */ = {isa = PBXFileReference; lastKnownFileType = sourcecode.swift; path = Fox.swift; sourceTree = "<group>"; };
/* End PBXFileReference section */

/* Begin PBXFrameworksBuildPhase section */
		8340EFFD22FD2F2700799C56 /* Frameworks */ = {
			isa = PBXFrameworksBuildPhase;
			buildActionMask = 2147483647;
			files = (
			);
			runOnlyForDeploymentPostprocessing = 0;
		};
		8340F01122FD2F2800799C56 /* Frameworks */ = {
			isa = PBXFrameworksBuildPhase;
			buildActionMask = 2147483647;
			files = (
			);
			runOnlyForDeploymentPostprocessing = 0;
		};
		8340F01C22FD2F2800799C56 /* Frameworks */ = {
			isa = PBXFrameworksBuildPhase;
			buildActionMask = 2147483647;
			files = (
			);
			runOnlyForDeploymentPostprocessing = 0;
		};
/* End PBXFrameworksBuildPhase section */

/* Begin PBXGroup section */
		8340EFF722FD2F2700799C56 = {
			isa = PBXGroup;
			children = (
				8340F00222FD2F2700799C56 /* Animals Using Polymorphism */,
				8340F01722FD2F2800799C56 /* Animals Using PolymorphismTests */,
				8340F02222FD2F2800799C56 /* Animals Using PolymorphismUITests */,
				8340F00122FD2F2700799C56 /* Products */,
			);
			sourceTree = "<group>";
		};
		8340F00122FD2F2700799C56 /* Products */ = {
			isa = PBXGroup;
			children = (
				8340F00022FD2F2700799C56 /* Animals Using Polymorphism.app */,
				8340F01422FD2F2800799C56 /* Animals Using PolymorphismTests.xctest */,
				8340F01F22FD2F2800799C56 /* Animals Using PolymorphismUITests.xctest */,
			);
			name = Products;
			sourceTree = "<group>";
		};
		8340F00222FD2F2700799C56 /* Animals Using Polymorphism */ = {
			isa = PBXGroup;
			children = (
				8340F00322FD2F2700799C56 /* AppDelegate.swift */,
				8340F00522FD2F2700799C56 /* ViewController.swift */,
				8340F00722FD2F2700799C56 /* Main.storyboard */,
				8340F00A22FD2F2700799C56 /* Assets.xcassets */,
				8340F00C22FD2F2700799C56 /* LaunchScreen.storyboard */,
				8340F00F22FD2F2700799C56 /* Info.plist */,
				8340F03122FD305A00799C56 /* Cat.swift */,
				8340F03322FD389100799C56 /* Cheetah.swift */,
				8340F03522FD46C100799C56 /* Tiger.swift */,
				8340F03722FD470700799C56 /* Lion.swift */,
				8340F03922FD47C500799C56 /* Donkey.swift */,
				8340F03B22FD488B00799C56 /* Zebra.swift */,
				8340F03D22FD48DE00799C56 /* Horse.swift */,
				8340F03F22FD4A0F00799C56 /* Dog.swift */,
				8340F04122FD4A4900799C56 /* Fox.swift */,
			);
			path = "Animals Using Polymorphism";
			sourceTree = "<group>";
		};
		8340F01722FD2F2800799C56 /* Animals Using PolymorphismTests */ = {
			isa = PBXGroup;
			children = (
				8340F01822FD2F2800799C56 /* Animals_Using_PolymorphismTests.swift */,
				8340F01A22FD2F2800799C56 /* Info.plist */,
			);
			path = "Animals Using PolymorphismTests";
			sourceTree = "<group>";
		};
		8340F02222FD2F2800799C56 /* Animals Using PolymorphismUITests */ = {
			isa = PBXGroup;
			children = (
				8340F02322FD2F2800799C56 /* Animals_Using_PolymorphismUITests.swift */,
				8340F02522FD2F2800799C56 /* Info.plist */,
			);
			path = "Animals Using PolymorphismUITests";
			sourceTree = "<group>";
		};
/* End PBXGroup section */

/* Begin PBXNativeTarget section */
		8340EFFF22FD2F2700799C56 /* Animals Using Polymorphism */ = {
			isa = PBXNativeTarget;
			buildConfigurationList = 8340F02822FD2F2800799C56 /* Build configuration list for PBXNativeTarget "Animals Using Polymorphism" */;
			buildPhases = (
				8340EFFC22FD2F2700799C56 /* Sources */,
				8340EFFD22FD2F2700799C56 /* Frameworks */,
				8340EFFE22FD2F2700799C56 /* Resources */,
			);
			buildRules = (
			);
			dependencies = (
			);
			name = "Animals Using Polymorphism";
			productName = "Animals Using Polymorphism";
			productReference = 8340F00022FD2F2700799C56 /* Animals Using Polymorphism.app */;
			productType = "com.apple.product-type.application";
		};
		8340F01322FD2F2800799C56 /* Animals Using PolymorphismTests */ = {
			isa = PBXNativeTarget;
			buildConfigurationList = 8340F02B22FD2F2800799C56 /* Build configuration list for PBXNativeTarget "Animals Using PolymorphismTests" */;
			buildPhases = (
				8340F01022FD2F2800799C56 /* Sources */,
				8340F01122FD2F2800799C56 /* Frameworks */,
				8340F01222FD2F2800799C56 /* Resources */,
			);
			buildRules = (
			);
			dependencies = (
				8340F01622FD2F2800799C56 /* PBXTargetDependency */,
			);
			name = "Animals Using PolymorphismTests";
			productName = "Animals Using PolymorphismTests";
			productReference = 8340F01422FD2F2800799C56 /* Animals Using PolymorphismTests.xctest */;
			productType = "com.apple.product-type.bundle.unit-test";
		};
		8340F01E22FD2F2800799C56 /* Animals Using PolymorphismUITests */ = {
			isa = PBXNativeTarget;
			buildConfigurationList = 8340F02E22FD2F2800799C56 /* Build configuration list for PBXNativeTarget "Animals Using PolymorphismUITests" */;
			buildPhases = (
				8340F01B22FD2F2800799C56 /* Sources */,
				8340F01C22FD2F2800799C56 /* Frameworks */,
				8340F01D22FD2F2800799C56 /* Resources */,
			);
			buildRules = (
			);
			dependencies = (
				8340F02122FD2F2800799C56 /* PBXTargetDependency */,
			);
			name = "Animals Using PolymorphismUITests";
			productName = "Animals Using PolymorphismUITests";
			productReference = 8340F01F22FD2F2800799C56 /* Animals Using PolymorphismUITests.xctest */;
			productType = "com.apple.product-type.bundle.ui-testing";
		};
/* End PBXNativeTarget section */

/* Begin PBXProject section */
		8340EFF822FD2F2700799C56 /* Project object */ = {
			isa = PBXProject;
			attributes = {
				LastSwiftUpdateCheck = 0920;
				LastUpgradeCheck = 0920;
				ORGANIZATIONNAME = "Syed.Reshma Ruksana";
				TargetAttributes = {
					8340EFFF22FD2F2700799C56 = {
						CreatedOnToolsVersion = 9.2;
						ProvisioningStyle = Automatic;
					};
					8340F01322FD2F2800799C56 = {
						CreatedOnToolsVersion = 9.2;
						ProvisioningStyle = Automatic;
						TestTargetID = 8340EFFF22FD2F2700799C56;
					};
					8340F01E22FD2F2800799C56 = {
						CreatedOnToolsVersion = 9.2;
						ProvisioningStyle = Automatic;
						TestTargetID = 8340EFFF22FD2F2700799C56;
					};
				};
			};
			buildConfigurationList = 8340EFFB22FD2F2700799C56 /* Build configuration list for PBXProject "Animals Using Polymorphism" */;
			compatibilityVersion = "Xcode 8.0";
			developmentRegion = en;
			hasScannedForEncodings = 0;
			knownRegions = (
				en,
				Base,
			);
			mainGroup = 8340EFF722FD2F2700799C56;
			productRefGroup = 8340F00122FD2F2700799C56 /* Products */;
			projectDirPath = "";
			projectRoot = "";
			targets = (
				8340EFFF22FD2F2700799C56 /* Animals Using Polymorphism */,
				8340F01322FD2F2800799C56 /* Animals Using PolymorphismTests */,
				8340F01E22FD2F2800799C56 /* Animals Using PolymorphismUITests */,
			);
		};
/* End PBXProject section */

/* Begin PBXResourcesBuildPhase section */
		8340EFFE22FD2F2700799C56 /* Resources */ = {
			isa = PBXResourcesBuildPhase;
			buildActionMask = 2147483647;
			files = (
				8340F00E22FD2F2700799C56 /* LaunchScreen.storyboard in Resources */,
				8340F00B22FD2F2700799C56 /* Assets.xcassets in Resources */,
				8340F00922FD2F2700799C56 /* Main.storyboard in Resources */,
			);
			runOnlyForDeploymentPostprocessing = 0;
		};
		8340F01222FD2F2800799C56 /* Resources */ = {
			isa = PBXResourcesBuildPhase;
			buildActionMask = 2147483647;
			files = (
			);
			runOnlyForDeploymentPostprocessing = 0;
		};
		8340F01D22FD2F2800799C56 /* Resources */ = {
			isa = PBXResourcesBuildPhase;
			buildActionMask = 2147483647;
			files = (
			);
			runOnlyForDeploymentPostprocessing = 0;
		};
/* End PBXResourcesBuildPhase section */

/* Begin PBXSourcesBuildPhase section */
		8340EFFC22FD2F2700799C56 /* Sources */ = {
			isa = PBXSourcesBuildPhase;
			buildActionMask = 2147483647;
			files = (
				8340F00622FD2F2700799C56 /* ViewController.swift in Sources */,
				8340F00422FD2F2700799C56 /* AppDelegate.swift in Sources */,
				8340F03C22FD488B00799C56 /* Zebra.swift in Sources */,
				8340F04222FD4A4900799C56 /* Fox.swift in Sources */,
				8340F03422FD389100799C56 /* Cheetah.swift in Sources */,
				8340F03A22FD47C500799C56 /* Donkey.swift in Sources */,
				8340F03822FD470700799C56 /* Lion.swift in Sources */,
				8340F03E22FD48DE00799C56 /* Horse.swift in Sources */,
				8340F03222FD305A00799C56 /* Cat.swift in Sources */,
				8340F04022FD4A0F00799C56 /* Dog.swift in Sources */,
				8340F03622FD46C100799C56 /* Tiger.swift in Sources */,
			);
			runOnlyForDeploymentPostprocessing = 0;
		};
		8340F01022FD2F2800799C56 /* Sources */ = {
			isa = PBXSourcesBuildPhase;
			buildActionMask = 2147483647;
			files = (
				8340F01922FD2F2800799C56 /* Animals_Using_PolymorphismTests.swift in Sources */,
			);
			runOnlyForDeploymentPostprocessing = 0;
		};
		8340F01B22FD2F2800799C56 /* Sources */ = {
			isa = PBXSourcesBuildPhase;
			buildActionMask = 2147483647;
			files = (
				8340F02422FD2F2800799C56 /* Animals_Using_PolymorphismUITests.swift in Sources */,
			);
			runOnlyForDeploymentPostprocessing = 0;
		};
/* End PBXSourcesBuildPhase section */

/* Begin PBXTargetDependency section */
		8340F01622FD2F2800799C56 /* PBXTargetDependency */ = {
			isa = PBXTargetDependency;
			target = 8340EFFF22FD2F2700799C56 /* Animals Using Polymorphism */;
			targetProxy = 8340F01522FD2F2800799C56 /* PBXContainerItemProxy */;
		};
		8340F02122FD2F2800799C56 /* PBXTargetDependency */ = {
			isa = PBXTargetDependency;
			target = 8340EFFF22FD2F2700799C56 /* Animals Using Polymorphism */;
			targetProxy = 8340F02022FD2F2800799C56 /* PBXContainerItemProxy */;
		};
/* End PBXTargetDependency section */

/* Begin PBXVariantGroup section */
		8340F00722FD2F2700799C56 /* Main.storyboard */ = {
			isa = PBXVariantGroup;
			children = (
				8340F00822FD2F2700799C56 /* Base */,
			);
			name = Main.storyboard;
			sourceTree = "<group>";
		};
		8340F00C22FD2F2700799C56 /* LaunchScreen.storyboard */ = {
			isa = PBXVariantGroup;
			children = (
				8340F00D22FD2F2700799C56 /* Base */,
			);
			name = LaunchScreen.storyboard;
			sourceTree = "<group>";
		};
/* End PBXVariantGroup section */

/* Begin XCBuildConfiguration section */
		8340F02622FD2F2800799C56 /* Debug */ = {
			isa = XCBuildConfiguration;
			buildSettings = {
				ALWAYS_SEARCH_USER_PATHS = NO;
				CLANG_ANALYZER_NONNULL = YES;
				CLANG_ANALYZER_NUMBER_OBJECT_CONVERSION = YES_AGGRESSIVE;
				CLANG_CXX_LANGUAGE_STANDARD = "gnu++14";
				CLANG_CXX_LIBRARY = "libc++";
				CLANG_ENABLE_MODULES = YES;
				CLANG_ENABLE_OBJC_ARC = YES;
				CLANG_WARN_BLOCK_CAPTURE_AUTORELEASING = YES;
				CLANG_WARN_BOOL_CONVERSION = YES;
				CLANG_WARN_COMMA = YES;
				CLANG_WARN_CONSTANT_CONVERSION = YES;
				CLANG_WARN_DIRECT_OBJC_ISA_USAGE = YES_ERROR;
				CLANG_WARN_DOCUMENTATION_COMMENTS = YES;
				CLANG_WARN_EMPTY_BODY = YES;
				CLANG_WARN_ENUM_CONVERSION = YES;
				CLANG_WARN_INFINITE_RECURSION = YES;
				CLANG_WARN_INT_CONVERSION = YES;
				CLANG_WARN_NON_LITERAL_NULL_CONVERSION = YES;
				CLANG_WARN_OBJC_LITERAL_CONVERSION = YES;
				CLANG_WARN_OBJC_ROOT_CLASS = YES_ERROR;
				CLANG_WARN_RANGE_LOOP_ANALYSIS = YES;
				CLANG_WARN_STRICT_PROTOTYPES = YES;
				CLANG_WARN_SUSPICIOUS_MOVE = YES;
				CLANG_WARN_UNGUARDED_AVAILABILITY = YES_AGGRESSIVE;
				CLANG_WARN_UNREACHABLE_CODE = YES;
				CLANG_WARN__DUPLICATE_METHOD_MATCH = YES;
				CODE_SIGN_IDENTITY = "iPhone Developer";
				COPY_PHASE_STRIP = NO;
				DEBUG_INFORMATION_FORMAT = dwarf;
				ENABLE_STRICT_OBJC_MSGSEND = YES;
				ENABLE_TESTABILITY = YES;
				GCC_C_LANGUAGE_STANDARD = gnu11;
				GCC_DYNAMIC_NO_PIC = NO;
				GCC_NO_COMMON_BLOCKS = YES;
				GCC_OPTIMIZATION_LEVEL = 0;
				GCC_PREPROCESSOR_DEFINITIONS = (
					"DEBUG=1",
					"$(inherited)",
				);
				GCC_WARN_64_TO_32_BIT_CONVERSION = YES;
				GCC_WARN_ABOUT_RETURN_TYPE = YES_ERROR;
				GCC_WARN_UNDECLARED_SELECTOR = YES;
				GCC_WARN_UNINITIALIZED_AUTOS = YES_AGGRESSIVE;
				GCC_WARN_UNUSED_FUNCTION = YES;
				GCC_WARN_UNUSED_VARIABLE = YES;
				IPHONEOS_DEPLOYMENT_TARGET = 11.2;
				MTL_ENABLE_DEBUG_INFO = YES;
				ONLY_ACTIVE_ARCH = YES;
				SDKROOT = iphoneos;
				SWIFT_ACTIVE_COMPILATION_CONDITIONS = DEBUG;
				SWIFT_OPTIMIZATION_LEVEL = "-Onone";
			};
			name = Debug;
		};
		8340F02722FD2F2800799C56 /* Release */ = {
			isa = XCBuildConfiguration;
			buildSettings = {
				ALWAYS_SEARCH_USER_PATHS = NO;
				CLANG_ANALYZER_NONNULL = YES;
				CLANG_ANALYZER_NUMBER_OBJECT_CONVERSION = YES_AGGRESSIVE;
				CLANG_CXX_LANGUAGE_STANDARD = "gnu++14";
				CLANG_CXX_LIBRARY = "libc++";
				CLANG_ENABLE_MODULES = YES;
				CLANG_ENABLE_OBJC_ARC = YES;
				CLANG_WARN_BLOCK_CAPTURE_AUTORELEASING = YES;
				CLANG_WARN_BOOL_CONVERSION = YES;
				CLANG_WARN_COMMA = YES;
				CLANG_WARN_CONSTANT_CONVERSION = YES;
				CLANG_WARN_DIRECT_OBJC_ISA_USAGE = YES_ERROR;
				CLANG_WARN_DOCUMENTATION_COMMENTS = YES;
				CLANG_WARN_EMPTY_BODY = YES;
				CLANG_WARN_ENUM_CONVERSION = YES;
				CLANG_WARN_INFINITE_RECURSION = YES;
				CLANG_WARN_INT_CONVERSION = YES;
				CLANG_WARN_NON_LITERAL_NULL_CONVERSION = YES;
				CLANG_WARN_OBJC_LITERAL_CONVERSION = YES;
				CLANG_WARN_OBJC_ROOT_CLASS = YES_ERROR;
				CLANG_WARN_RANGE_LOOP_ANALYSIS = YES;
				CLANG_WARN_STRICT_PROTOTYPES = YES;
				CLANG_WARN_SUSPICIOUS_MOVE = YES;
				CLANG_WARN_UNGUARDED_AVAILABILITY = YES_AGGRESSIVE;
				CLANG_WARN_UNREACHABLE_CODE = YES;
				CLANG_WARN__DUPLICATE_METHOD_MATCH = YES;
				CODE_SIGN_IDENTITY = "iPhone Developer";
				COPY_PHASE_STRIP = NO;
				DEBUG_INFORMATION_FORMAT = "dwarf-with-dsym";
				ENABLE_NS_ASSERTIONS = NO;
				ENABLE_STRICT_OBJC_MSGSEND = YES;
				GCC_C_LANGUAGE_STANDARD = gnu11;
				GCC_NO_COMMON_BLOCKS = YES;
				GCC_WARN_64_TO_32_BIT_CONVERSION = YES;
				GCC_WARN_ABOUT_RETURN_TYPE = YES_ERROR;
				GCC_WARN_UNDECLARED_SELECTOR = YES;
				GCC_WARN_UNINITIALIZED_AUTOS = YES_AGGRESSIVE;
				GCC_WARN_UNUSED_FUNCTION = YES;
				GCC_WARN_UNUSED_VARIABLE = YES;
				IPHONEOS_DEPLOYMENT_TARGET = 11.2;
				MTL_ENABLE_DEBUG_INFO = NO;
				SDKROOT = iphoneos;
				SWIFT_OPTIMIZATION_LEVEL = "-Owholemodule";
				VALIDATE_PRODUCT = YES;
			};
			name = Release;
		};
		8340F02922FD2F2800799C56 /* Debug */ = {
			isa = XCBuildConfiguration;
			buildSettings = {
				ASSETCATALOG_COMPILER_APPICON_NAME = AppIcon;
				CODE_SIGN_STYLE = Automatic;
				INFOPLIST_FILE = "Animals Using Polymorphism/Info.plist";
				LD_RUNPATH_SEARCH_PATHS = "$(inherited) @executable_path/Frameworks";
				PRODUCT_BUNDLE_IDENTIFIER = "BRN.Animals-Using-Polymorphism";
				PRODUCT_NAME = "$(TARGET_NAME)";
				SWIFT_VERSION = 4.0;
				TARGETED_DEVICE_FAMILY = "1,2";
			};
			name = Debug;
		};
		8340F02A22FD2F2800799C56 /* Release */ = {
			isa = XCBuildConfiguration;
			buildSettings = {
				ASSETCATALOG_COMPILER_APPICON_NAME = AppIcon;
				CODE_SIGN_STYLE = Automatic;
				INFOPLIST_FILE = "Animals Using Polymorphism/Info.plist";
				LD_RUNPATH_SEARCH_PATHS = "$(inherited) @executable_path/Frameworks";
				PRODUCT_BUNDLE_IDENTIFIER = "BRN.Animals-Using-Polymorphism";
				PRODUCT_NAME = "$(TARGET_NAME)";
				SWIFT_VERSION = 4.0;
				TARGETED_DEVICE_FAMILY = "1,2";
			};
			name = Release;
		};
		8340F02C22FD2F2800799C56 /* Debug */ = {
			isa = XCBuildConfiguration;
			buildSettings = {
				ALWAYS_EMBED_SWIFT_STANDARD_LIBRARIES = YES;
				BUNDLE_LOADER = "$(TEST_HOST)";
				CODE_SIGN_STYLE = Automatic;
				INFOPLIST_FILE = "Animals Using PolymorphismTests/Info.plist";
				LD_RUNPATH_SEARCH_PATHS = "$(inherited) @executable_path/Frameworks @loader_path/Frameworks";
				PRODUCT_BUNDLE_IDENTIFIER = "BRN.Animals-Using-PolymorphismTests";
				PRODUCT_NAME = "$(TARGET_NAME)";
				SWIFT_VERSION = 4.0;
				TARGETED_DEVICE_FAMILY = "1,2";
				TEST_HOST = "$(BUILT_PRODUCTS_DIR)/Animals Using Polymorphism.app/Animals Using Polymorphism";
			};
			name = Debug;
		};
		8340F02D22FD2F2800799C56 /* Release */ = {
			isa = XCBuildConfiguration;
			buildSettings = {
				ALWAYS_EMBED_SWIFT_STANDARD_LIBRARIES = YES;
				BUNDLE_LOADER = "$(TEST_HOST)";
				CODE_SIGN_STYLE = Automatic;
				INFOPLIST_FILE = "Animals Using PolymorphismTests/Info.plist";
				LD_RUNPATH_SEARCH_PATHS = "$(inherited) @executable_path/Frameworks @loader_path/Frameworks";
				PRODUCT_BUNDLE_IDENTIFIER = "BRN.Animals-Using-PolymorphismTests";
				PRODUCT_NAME = "$(TARGET_NAME)";
				SWIFT_VERSION = 4.0;
				TARGETED_DEVICE_FAMILY = "1,2";
				TEST_HOST = "$(BUILT_PRODUCTS_DIR)/Animals Using Polymorphism.app/Animals Using Polymorphism";
			};
			name = Release;
		};
		8340F02F22FD2F2800799C56 /* Debug */ = {
			isa = XCBuildConfiguration;
			buildSettings = {
				ALWAYS_EMBED_SWIFT_STANDARD_LIBRARIES = YES;
				CODE_SIGN_STYLE = Automatic;
				INFOPLIST_FILE = "Animals Using PolymorphismUITests/Info.plist";
				LD_RUNPATH_SEARCH_PATHS = "$(inherited) @executable_path/Frameworks @loader_path/Frameworks";
				PRODUCT_BUNDLE_IDENTIFIER = "BRN.Animals-Using-PolymorphismUITests";
				PRODUCT_NAME = "$(TARGET_NAME)";
				SWIFT_VERSION = 4.0;
				TARGETED_DEVICE_FAMILY = "1,2";
				TEST_TARGET_NAME = "Animals Using Polymorphism";
			};
			name = Debug;
		};
		8340F03022FD2F2800799C56 /* Release */ = {
			isa = XCBuildConfiguration;
			buildSettings = {
				ALWAYS_EMBED_SWIFT_STANDARD_LIBRARIES = YES;
				CODE_SIGN_STYLE = Automatic;
				INFOPLIST_FILE = "Animals Using PolymorphismUITests/Info.plist";
				LD_RUNPATH_SEARCH_PATHS = "$(inherited) @executable_path/Frameworks @loader_path/Frameworks";
				PRODUCT_BUNDLE_IDENTIFIER = "BRN.Animals-Using-PolymorphismUITests";
				PRODUCT_NAME = "$(TARGET_NAME)";
				SWIFT_VERSION = 4.0;
				TARGETED_DEVICE_FAMILY = "1,2";
				TEST_TARGET_NAME = "Animals Using Polymorphism";
			};
			name = Release;
		};
/* End XCBuildConfiguration section */

/* Begin XCConfigurationList section */
		8340EFFB22FD2F2700799C56 /* Build configuration list for PBXProject "Animals Using Polymorphism" */ = {
			isa = XCConfigurationList;
			buildConfigurations = (
				8340F02622FD2F2800799C56 /* Debug */,
				8340F02722FD2F2800799C56 /* Release */,
			);
			defaultConfigurationIsVisible = 0;
			defaultConfigurationName = Release;
		};
		8340F02822FD2F2800799C56 /* Build configuration list for PBXNativeTarget "Animals Using Polymorphism" */ = {
			isa = XCConfigurationList;
			buildConfigurations = (
				8340F02922FD2F2800799C56 /* Debug */,
				8340F02A22FD2F2800799C56 /* Release */,
			);
			defaultConfigurationIsVisible = 0;
			defaultConfigurationName = Release;
		};
		8340F02B22FD2F2800799C56 /* Build configuration list for PBXNativeTarget "Animals Using PolymorphismTests" */ = {
			isa = XCConfigurationList;
			buildConfigurations = (
				8340F02C22FD2F2800799C56 /* Debug */,
				8340F02D22FD2F2800799C56 /* Release */,
			);
			defaultConfigurationIsVisible = 0;
			defaultConfigurationName = Release;
		};
		8340F02E22FD2F2800799C56 /* Build configuration list for PBXNativeTarget "Animals Using PolymorphismUITests" */ = {
			isa = XCConfigurationList;
			buildConfigurations = (
				8340F02F22FD2F2800799C56 /* Debug */,
				8340F03022FD2F2800799C56 /* Release */,
			);
			defaultConfigurationIsVisible = 0;
			defaultConfigurationName = Release;
		};
/* End XCConfigurationList section */
	};
	rootObject = 8340EFF822FD2F2700799C56 /* Project object */;
}
